<?xml version="1.0" encoding="utf-8"?>
<Project ToolsVersion="4.0" xmlns="http://schemas.microsoft.com/developer/msbuild/2003">
  <ItemGroup>
    <Filter Include="Source Files">
      <UniqueIdentifier>{0064c808-7e8c-41a2-8a4a-87dcde2a2467}</UniqueIdentifier>
    </Filter>
    <Filter Include="Source Files\matcl">
      <UniqueIdentifier>{dc4c6a06-aba4-4bbe-8225-483a55955b07}</UniqueIdentifier>
    </Filter>
  </ItemGroup>
  <ItemGroup>
    <ClCompile Include="..\..\..\src\extern\superlu\SuperLU_5.2.0\SRC\ccolumn_bmod.c">
      <Filter>Source Files</Filter>
    </ClCompile>
    <ClCompile Include="..\..\..\src\extern\superlu\SuperLU_5.2.0\SRC\ccolumn_dfs.c">
      <Filter>Source Files</Filter>
    </ClCompile>
    <ClCompile Include="..\..\..\src\extern\superlu\SuperLU_5.2.0\SRC\ccopy_to_ucol.c">
      <Filter>Source Files</Filter>
    </ClCompile>
    <ClCompile Include="..\..\..\src\extern\superlu\SuperLU_5.2.0\SRC\cdiagonal.c">
      <Filter>Source Files</Filter>
    </ClCompile>
    <ClCompile Include="..\..\..\src\extern\superlu\SuperLU_5.2.0\SRC\cgscon.c">
      <Filter>Source Files</Filter>
    </ClCompile>
    <ClCompile Include="..\..\..\src\extern\superlu\SuperLU_5.2.0\SRC\cgsequ.c">
      <Filter>Source Files</Filter>
    </ClCompile>
    <ClCompile Include="..\..\..\src\extern\superlu\SuperLU_5.2.0\SRC\cgsisx.c">
      <Filter>Source Files</Filter>
    </ClCompile>
    <ClCompile Include="..\..\..\src\extern\superlu\SuperLU_5.2.0\SRC\cgsitrf.c">
      <Filter>Source Files</Filter>
    </ClCompile>
    <ClCompile Include="..\..\..\src\extern\superlu\SuperLU_5.2.0\SRC\cgsrfs.c">
      <Filter>Source Files</Filter>
    </ClCompile>
    <ClCompile Include="..\..\..\src\extern\superlu\SuperLU_5.2.0\SRC\cgssv.c">
      <Filter>Source Files</Filter>
    </ClCompile>
    <ClCompile Include="..\..\..\src\extern\superlu\SuperLU_5.2.0\SRC\cgssvx.c">
      <Filter>Source Files</Filter>
    </ClCompile>
    <ClCompile Include="..\..\..\src\extern\superlu\SuperLU_5.2.0\SRC\cgstrf.c">
      <Filter>Source Files</Filter>
    </ClCompile>
    <ClCompile Include="..\..\..\src\extern\superlu\SuperLU_5.2.0\SRC\cgstrs.c">
      <Filter>Source Files</Filter>
    </ClCompile>
    <ClCompile Include="..\..\..\src\extern\superlu\SuperLU_5.2.0\SRC\clacon.c">
      <Filter>Source Files</Filter>
    </ClCompile>
    <ClCompile Include="..\..\..\src\extern\superlu\SuperLU_5.2.0\SRC\clacon2.c">
      <Filter>Source Files</Filter>
    </ClCompile>
    <ClCompile Include="..\..\..\src\extern\superlu\SuperLU_5.2.0\SRC\clangs.c">
      <Filter>Source Files</Filter>
    </ClCompile>
    <ClCompile Include="..\..\..\src\extern\superlu\SuperLU_5.2.0\SRC\claqgs.c">
      <Filter>Source Files</Filter>
    </ClCompile>
    <ClCompile Include="..\..\..\src\extern\superlu\SuperLU_5.2.0\SRC\cldperm.c">
      <Filter>Source Files</Filter>
    </ClCompile>
    <ClCompile Include="..\..\..\src\extern\superlu\SuperLU_5.2.0\SRC\cmemory.c">
      <Filter>Source Files</Filter>
    </ClCompile>
    <ClCompile Include="..\..\..\src\extern\superlu\SuperLU_5.2.0\SRC\cmyblas2.c">
      <Filter>Source Files</Filter>
    </ClCompile>
    <ClCompile Include="..\..\..\src\extern\superlu\SuperLU_5.2.0\SRC\colamd.c">
      <Filter>Source Files</Filter>
    </ClCompile>
    <ClCompile Include="..\..\..\src\extern\superlu\SuperLU_5.2.0\SRC\cpanel_bmod.c">
      <Filter>Source Files</Filter>
    </ClCompile>
    <ClCompile Include="..\..\..\src\extern\superlu\SuperLU_5.2.0\SRC\cpanel_dfs.c">
      <Filter>Source Files</Filter>
    </ClCompile>
    <ClCompile Include="..\..\..\src\extern\superlu\SuperLU_5.2.0\SRC\cpivotgrowth.c">
      <Filter>Source Files</Filter>
    </ClCompile>
    <ClCompile Include="..\..\..\src\extern\superlu\SuperLU_5.2.0\SRC\cpivotL.c">
      <Filter>Source Files</Filter>
    </ClCompile>
    <ClCompile Include="..\..\..\src\extern\superlu\SuperLU_5.2.0\SRC\cpruneL.c">
      <Filter>Source Files</Filter>
    </ClCompile>
    <ClCompile Include="..\..\..\src\extern\superlu\SuperLU_5.2.0\SRC\creadhb.c">
      <Filter>Source Files</Filter>
    </ClCompile>
    <ClCompile Include="..\..\..\src\extern\superlu\SuperLU_5.2.0\SRC\creadrb.c">
      <Filter>Source Files</Filter>
    </ClCompile>
    <ClCompile Include="..\..\..\src\extern\superlu\SuperLU_5.2.0\SRC\creadtriple.c">
      <Filter>Source Files</Filter>
    </ClCompile>
    <ClCompile Include="..\..\..\src\extern\superlu\SuperLU_5.2.0\SRC\csnode_bmod.c">
      <Filter>Source Files</Filter>
    </ClCompile>
    <ClCompile Include="..\..\..\src\extern\superlu\SuperLU_5.2.0\SRC\csnode_dfs.c">
      <Filter>Source Files</Filter>
    </ClCompile>
    <ClCompile Include="..\..\..\src\extern\superlu\SuperLU_5.2.0\SRC\csp_blas2.c">
      <Filter>Source Files</Filter>
    </ClCompile>
    <ClCompile Include="..\..\..\src\extern\superlu\SuperLU_5.2.0\SRC\csp_blas3.c">
      <Filter>Source Files</Filter>
    </ClCompile>
    <ClCompile Include="..\..\..\src\extern\superlu\SuperLU_5.2.0\SRC\cutil.c">
      <Filter>Source Files</Filter>
    </ClCompile>
    <ClCompile Include="..\..\..\src\extern\superlu\SuperLU_5.2.0\SRC\dcolumn_bmod.c">
      <Filter>Source Files</Filter>
    </ClCompile>
    <ClCompile Include="..\..\..\src\extern\superlu\SuperLU_5.2.0\SRC\dcolumn_dfs.c">
      <Filter>Source Files</Filter>
    </ClCompile>
    <ClCompile Include="..\..\..\src\extern\superlu\SuperLU_5.2.0\SRC\dcomplex.c">
      <Filter>Source Files</Filter>
    </ClCompile>
    <ClCompile Include="..\..\..\src\extern\superlu\SuperLU_5.2.0\SRC\dcopy_to_ucol.c">
      <Filter>Source Files</Filter>
    </ClCompile>
    <ClCompile Include="..\..\..\src\extern\superlu\SuperLU_5.2.0\SRC\ddiagonal.c">
      <Filter>Source Files</Filter>
    </ClCompile>
    <ClCompile Include="..\..\..\src\extern\superlu\SuperLU_5.2.0\SRC\dgscon.c">
      <Filter>Source Files</Filter>
    </ClCompile>
    <ClCompile Include="..\..\..\src\extern\superlu\SuperLU_5.2.0\SRC\dgsequ.c">
      <Filter>Source Files</Filter>
    </ClCompile>
    <ClCompile Include="..\..\..\src\extern\superlu\SuperLU_5.2.0\SRC\dgsisx.c">
      <Filter>Source Files</Filter>
    </ClCompile>
    <ClCompile Include="..\..\..\src\extern\superlu\SuperLU_5.2.0\SRC\dgsitrf.c">
      <Filter>Source Files</Filter>
    </ClCompile>
    <ClCompile Include="..\..\..\src\extern\superlu\SuperLU_5.2.0\SRC\dgsrfs.c">
      <Filter>Source Files</Filter>
    </ClCompile>
    <ClCompile Include="..\..\..\src\extern\superlu\SuperLU_5.2.0\SRC\dgssv.c">
      <Filter>Source Files</Filter>
    </ClCompile>
    <ClCompile Include="..\..\..\src\extern\superlu\SuperLU_5.2.0\SRC\dgssvx.c">
      <Filter>Source Files</Filter>
    </ClCompile>
    <ClCompile Include="..\..\..\src\extern\superlu\SuperLU_5.2.0\SRC\dgstrf.c">
      <Filter>Source Files</Filter>
    </ClCompile>
    <ClCompile Include="..\..\..\src\extern\superlu\SuperLU_5.2.0\SRC\dgstrs.c">
      <Filter>Source Files</Filter>
    </ClCompile>
    <ClCompile Include="..\..\..\src\extern\superlu\SuperLU_5.2.0\SRC\dlacon.c">
      <Filter>Source Files</Filter>
    </ClCompile>
    <ClCompile Include="..\..\..\src\extern\superlu\SuperLU_5.2.0\SRC\dlacon2.c">
      <Filter>Source Files</Filter>
    </ClCompile>
    <ClCompile Include="..\..\..\src\extern\superlu\SuperLU_5.2.0\SRC\dlangs.c">
      <Filter>Source Files</Filter>
    </ClCompile>
    <ClCompile Include="..\..\..\src\extern\superlu\SuperLU_5.2.0\SRC\dlaqgs.c">
      <Filter>Source Files</Filter>
    </ClCompile>
    <ClCompile Include="..\..\..\src\extern\superlu\SuperLU_5.2.0\SRC\dldperm.c">
      <Filter>Source Files</Filter>
    </ClCompile>
    <ClCompile Include="..\..\..\src\extern\superlu\SuperLU_5.2.0\SRC\dmach.c">
      <Filter>Source Files</Filter>
    </ClCompile>
    <ClCompile Include="..\..\..\src\extern\superlu\SuperLU_5.2.0\SRC\dmemory.c">
      <Filter>Source Files</Filter>
    </ClCompile>
    <ClCompile Include="..\..\..\src\extern\superlu\SuperLU_5.2.0\SRC\dmyblas2.c">
      <Filter>Source Files</Filter>
    </ClCompile>
    <ClCompile Include="..\..\..\src\extern\superlu\SuperLU_5.2.0\SRC\dpanel_bmod.c">
      <Filter>Source Files</Filter>
    </ClCompile>
    <ClCompile Include="..\..\..\src\extern\superlu\SuperLU_5.2.0\SRC\dpanel_dfs.c">
      <Filter>Source Files</Filter>
    </ClCompile>
    <ClCompile Include="..\..\..\src\extern\superlu\SuperLU_5.2.0\SRC\dpivotgrowth.c">
      <Filter>Source Files</Filter>
    </ClCompile>
    <ClCompile Include="..\..\..\src\extern\superlu\SuperLU_5.2.0\SRC\dpivotL.c">
      <Filter>Source Files</Filter>
    </ClCompile>
    <ClCompile Include="..\..\..\src\extern\superlu\SuperLU_5.2.0\SRC\dpruneL.c">
      <Filter>Source Files</Filter>
    </ClCompile>
    <ClCompile Include="..\..\..\src\extern\superlu\SuperLU_5.2.0\SRC\dreadhb.c">
      <Filter>Source Files</Filter>
    </ClCompile>
    <ClCompile Include="..\..\..\src\extern\superlu\SuperLU_5.2.0\SRC\dreadrb.c">
      <Filter>Source Files</Filter>
    </ClCompile>
    <ClCompile Include="..\..\..\src\extern\superlu\SuperLU_5.2.0\SRC\dreadtriple.c">
      <Filter>Source Files</Filter>
    </ClCompile>
    <ClCompile Include="..\..\..\src\extern\superlu\SuperLU_5.2.0\SRC\dsnode_bmod.c">
      <Filter>Source Files</Filter>
    </ClCompile>
    <ClCompile Include="..\..\..\src\extern\superlu\SuperLU_5.2.0\SRC\dsnode_dfs.c">
      <Filter>Source Files</Filter>
    </ClCompile>
    <ClCompile Include="..\..\..\src\extern\superlu\SuperLU_5.2.0\SRC\dsp_blas2.c">
      <Filter>Source Files</Filter>
    </ClCompile>
    <ClCompile Include="..\..\..\src\extern\superlu\SuperLU_5.2.0\SRC\dsp_blas3.c">
      <Filter>Source Files</Filter>
    </ClCompile>
    <ClCompile Include="..\..\..\src\extern\superlu\SuperLU_5.2.0\SRC\dutil.c">
      <Filter>Source Files</Filter>
    </ClCompile>
    <ClCompile Include="..\..\..\src\extern\superlu\SuperLU_5.2.0\SRC\dzsum1.c">
      <Filter>Source Files</Filter>
    </ClCompile>
    <ClCompile Include="..\..\..\src\extern\superlu\SuperLU_5.2.0\SRC\get_perm_c.c">
      <Filter>Source Files</Filter>
    </ClCompile>
    <ClCompile Include="..\..\..\src\extern\superlu\SuperLU_5.2.0\SRC\heap_relax_snode.c">
      <Filter>Source Files</Filter>
    </ClCompile>
    <ClCompile Include="..\..\..\src\extern\superlu\SuperLU_5.2.0\SRC\icmax1.c">
      <Filter>Source Files</Filter>
    </ClCompile>
    <ClCompile Include="..\..\..\src\extern\superlu\SuperLU_5.2.0\SRC\ilu_ccolumn_dfs.c">
      <Filter>Source Files</Filter>
    </ClCompile>
    <ClCompile Include="..\..\..\src\extern\superlu\SuperLU_5.2.0\SRC\ilu_ccopy_to_ucol.c">
      <Filter>Source Files</Filter>
    </ClCompile>
    <ClCompile Include="..\..\..\src\extern\superlu\SuperLU_5.2.0\SRC\ilu_cdrop_row.c">
      <Filter>Source Files</Filter>
    </ClCompile>
    <ClCompile Include="..\..\..\src\extern\superlu\SuperLU_5.2.0\SRC\ilu_cpanel_dfs.c">
      <Filter>Source Files</Filter>
    </ClCompile>
    <ClCompile Include="..\..\..\src\extern\superlu\SuperLU_5.2.0\SRC\ilu_cpivotL.c">
      <Filter>Source Files</Filter>
    </ClCompile>
    <ClCompile Include="..\..\..\src\extern\superlu\SuperLU_5.2.0\SRC\ilu_csnode_dfs.c">
      <Filter>Source Files</Filter>
    </ClCompile>
    <ClCompile Include="..\..\..\src\extern\superlu\SuperLU_5.2.0\SRC\ilu_dcolumn_dfs.c">
      <Filter>Source Files</Filter>
    </ClCompile>
    <ClCompile Include="..\..\..\src\extern\superlu\SuperLU_5.2.0\SRC\ilu_dcopy_to_ucol.c">
      <Filter>Source Files</Filter>
    </ClCompile>
    <ClCompile Include="..\..\..\src\extern\superlu\SuperLU_5.2.0\SRC\ilu_ddrop_row.c">
      <Filter>Source Files</Filter>
    </ClCompile>
    <ClCompile Include="..\..\..\src\extern\superlu\SuperLU_5.2.0\SRC\ilu_dpanel_dfs.c">
      <Filter>Source Files</Filter>
    </ClCompile>
    <ClCompile Include="..\..\..\src\extern\superlu\SuperLU_5.2.0\SRC\ilu_dpivotL.c">
      <Filter>Source Files</Filter>
    </ClCompile>
    <ClCompile Include="..\..\..\src\extern\superlu\SuperLU_5.2.0\SRC\ilu_dsnode_dfs.c">
      <Filter>Source Files</Filter>
    </ClCompile>
    <ClCompile Include="..\..\..\src\extern\superlu\SuperLU_5.2.0\SRC\ilu_heap_relax_snode.c">
      <Filter>Source Files</Filter>
    </ClCompile>
    <ClCompile Include="..\..\..\src\extern\superlu\SuperLU_5.2.0\SRC\ilu_relax_snode.c">
      <Filter>Source Files</Filter>
    </ClCompile>
    <ClCompile Include="..\..\..\src\extern\superlu\SuperLU_5.2.0\SRC\ilu_scolumn_dfs.c">
      <Filter>Source Files</Filter>
    </ClCompile>
    <ClCompile Include="..\..\..\src\extern\superlu\SuperLU_5.2.0\SRC\ilu_scopy_to_ucol.c">
      <Filter>Source Files</Filter>
    </ClCompile>
    <ClCompile Include="..\..\..\src\extern\superlu\SuperLU_5.2.0\SRC\ilu_sdrop_row.c">
      <Filter>Source Files</Filter>
    </ClCompile>
    <ClCompile Include="..\..\..\src\extern\superlu\SuperLU_5.2.0\SRC\ilu_spanel_dfs.c">
      <Filter>Source Files</Filter>
    </ClCompile>
    <ClCompile Include="..\..\..\src\extern\superlu\SuperLU_5.2.0\SRC\ilu_spivotL.c">
      <Filter>Source Files</Filter>
    </ClCompile>
    <ClCompile Include="..\..\..\src\extern\superlu\SuperLU_5.2.0\SRC\ilu_ssnode_dfs.c">
      <Filter>Source Files</Filter>
    </ClCompile>
    <ClCompile Include="..\..\..\src\extern\superlu\SuperLU_5.2.0\SRC\ilu_zcolumn_dfs.c">
      <Filter>Source Files</Filter>
    </ClCompile>
    <ClCompile Include="..\..\..\src\extern\superlu\SuperLU_5.2.0\SRC\ilu_zcopy_to_ucol.c">
      <Filter>Source Files</Filter>
    </ClCompile>
    <ClCompile Include="..\..\..\src\extern\superlu\SuperLU_5.2.0\SRC\ilu_zdrop_row.c">
      <Filter>Source Files</Filter>
    </ClCompile>
    <ClCompile Include="..\..\..\src\extern\superlu\SuperLU_5.2.0\SRC\ilu_zpanel_dfs.c">
      <Filter>Source Files</Filter>
    </ClCompile>
    <ClCompile Include="..\..\..\src\extern\superlu\SuperLU_5.2.0\SRC\ilu_zpivotL.c">
      <Filter>Source Files</Filter>
    </ClCompile>
    <ClCompile Include="..\..\..\src\extern\superlu\SuperLU_5.2.0\SRC\ilu_zsnode_dfs.c">
      <Filter>Source Files</Filter>
    </ClCompile>
    <ClCompile Include="..\..\..\src\extern\superlu\SuperLU_5.2.0\SRC\input_error.c">
      <Filter>Source Files</Filter>
    </ClCompile>
    <ClCompile Include="..\..\..\src\extern\superlu\SuperLU_5.2.0\SRC\izmax1.c">
      <Filter>Source Files</Filter>
    </ClCompile>
    <ClCompile Include="..\..\..\src\extern\superlu\SuperLU_5.2.0\SRC\mark_relax.c">
      <Filter>Source Files</Filter>
    </ClCompile>
    <ClCompile Include="..\..\..\src\extern\superlu\SuperLU_5.2.0\SRC\mc64ad.c">
      <Filter>Source Files</Filter>
    </ClCompile>
    <ClCompile Include="..\..\..\src\extern\superlu\SuperLU_5.2.0\SRC\memory.c">
      <Filter>Source Files</Filter>
    </ClCompile>
    <ClCompile Include="..\..\..\src\extern\superlu\SuperLU_5.2.0\SRC\mmd.c">
      <Filter>Source Files</Filter>
    </ClCompile>
    <ClCompile Include="..\..\..\src\extern\superlu\SuperLU_5.2.0\SRC\qselect.c">
      <Filter>Source Files</Filter>
    </ClCompile>
    <ClCompile Include="..\..\..\src\extern\superlu\SuperLU_5.2.0\SRC\relax_snode.c">
      <Filter>Source Files</Filter>
    </ClCompile>
    <ClCompile Include="..\..\..\src\extern\superlu\SuperLU_5.2.0\SRC\scolumn_bmod.c">
      <Filter>Source Files</Filter>
    </ClCompile>
    <ClCompile Include="..\..\..\src\extern\superlu\SuperLU_5.2.0\SRC\scolumn_dfs.c">
      <Filter>Source Files</Filter>
    </ClCompile>
    <ClCompile Include="..\..\..\src\extern\superlu\SuperLU_5.2.0\SRC\scomplex.c">
      <Filter>Source Files</Filter>
    </ClCompile>
    <ClCompile Include="..\..\..\src\extern\superlu\SuperLU_5.2.0\SRC\scopy_to_ucol.c">
      <Filter>Source Files</Filter>
    </ClCompile>
    <ClCompile Include="..\..\..\src\extern\superlu\SuperLU_5.2.0\SRC\scsum1.c">
      <Filter>Source Files</Filter>
    </ClCompile>
    <ClCompile Include="..\..\..\src\extern\superlu\SuperLU_5.2.0\SRC\sdiagonal.c">
      <Filter>Source Files</Filter>
    </ClCompile>
    <ClCompile Include="..\..\..\src\extern\superlu\SuperLU_5.2.0\SRC\sgscon.c">
      <Filter>Source Files</Filter>
    </ClCompile>
    <ClCompile Include="..\..\..\src\extern\superlu\SuperLU_5.2.0\SRC\sgsequ.c">
      <Filter>Source Files</Filter>
    </ClCompile>
    <ClCompile Include="..\..\..\src\extern\superlu\SuperLU_5.2.0\SRC\sgsisx.c">
      <Filter>Source Files</Filter>
    </ClCompile>
    <ClCompile Include="..\..\..\src\extern\superlu\SuperLU_5.2.0\SRC\sgsitrf.c">
      <Filter>Source Files</Filter>
    </ClCompile>
    <ClCompile Include="..\..\..\src\extern\superlu\SuperLU_5.2.0\SRC\sgsrfs.c">
      <Filter>Source Files</Filter>
    </ClCompile>
    <ClCompile Include="..\..\..\src\extern\superlu\SuperLU_5.2.0\SRC\sgssv.c">
      <Filter>Source Files</Filter>
    </ClCompile>
    <ClCompile Include="..\..\..\src\extern\superlu\SuperLU_5.2.0\SRC\sgssvx.c">
      <Filter>Source Files</Filter>
    </ClCompile>
    <ClCompile Include="..\..\..\src\extern\superlu\SuperLU_5.2.0\SRC\sgstrf.c">
      <Filter>Source Files</Filter>
    </ClCompile>
    <ClCompile Include="..\..\..\src\extern\superlu\SuperLU_5.2.0\SRC\sgstrs.c">
      <Filter>Source Files</Filter>
    </ClCompile>
    <ClCompile Include="..\..\..\src\extern\superlu\SuperLU_5.2.0\SRC\slacon.c">
      <Filter>Source Files</Filter>
    </ClCompile>
    <ClCompile Include="..\..\..\src\extern\superlu\SuperLU_5.2.0\SRC\slacon2.c">
      <Filter>Source Files</Filter>
    </ClCompile>
    <ClCompile Include="..\..\..\src\extern\superlu\SuperLU_5.2.0\SRC\slangs.c">
      <Filter>Source Files</Filter>
    </ClCompile>
    <ClCompile Include="..\..\..\src\extern\superlu\SuperLU_5.2.0\SRC\slaqgs.c">
      <Filter>Source Files</Filter>
    </ClCompile>
    <ClCompile Include="..\..\..\src\extern\superlu\SuperLU_5.2.0\SRC\sldperm.c">
      <Filter>Source Files</Filter>
    </ClCompile>
    <ClCompile Include="..\..\..\src\extern\superlu\SuperLU_5.2.0\SRC\smach.c">
      <Filter>Source Files</Filter>
    </ClCompile>
    <ClCompile Include="..\..\..\src\extern\superlu\SuperLU_5.2.0\SRC\smemory.c">
      <Filter>Source Files</Filter>
    </ClCompile>
    <ClCompile Include="..\..\..\src\extern\superlu\SuperLU_5.2.0\SRC\smyblas2.c">
      <Filter>Source Files</Filter>
    </ClCompile>
    <ClCompile Include="..\..\..\src\extern\superlu\SuperLU_5.2.0\SRC\sp_coletree.c">
      <Filter>Source Files</Filter>
    </ClCompile>
    <ClCompile Include="..\..\..\src\extern\superlu\SuperLU_5.2.0\SRC\sp_ienv.c">
      <Filter>Source Files</Filter>
    </ClCompile>
    <ClCompile Include="..\..\..\src\extern\superlu\SuperLU_5.2.0\SRC\sp_preorder.c">
      <Filter>Source Files</Filter>
    </ClCompile>
    <ClCompile Include="..\..\..\src\extern\superlu\SuperLU_5.2.0\SRC\spanel_bmod.c">
      <Filter>Source Files</Filter>
    </ClCompile>
    <ClCompile Include="..\..\..\src\extern\superlu\SuperLU_5.2.0\SRC\spanel_dfs.c">
      <Filter>Source Files</Filter>
    </ClCompile>
    <ClCompile Include="..\..\..\src\extern\superlu\SuperLU_5.2.0\SRC\spivotgrowth.c">
      <Filter>Source Files</Filter>
    </ClCompile>
    <ClCompile Include="..\..\..\src\extern\superlu\SuperLU_5.2.0\SRC\spivotL.c">
      <Filter>Source Files</Filter>
    </ClCompile>
    <ClCompile Include="..\..\..\src\extern\superlu\SuperLU_5.2.0\SRC\spruneL.c">
      <Filter>Source Files</Filter>
    </ClCompile>
    <ClCompile Include="..\..\..\src\extern\superlu\SuperLU_5.2.0\SRC\sreadhb.c">
      <Filter>Source Files</Filter>
    </ClCompile>
    <ClCompile Include="..\..\..\src\extern\superlu\SuperLU_5.2.0\SRC\sreadrb.c">
      <Filter>Source Files</Filter>
    </ClCompile>
    <ClCompile Include="..\..\..\src\extern\superlu\SuperLU_5.2.0\SRC\sreadtriple.c">
      <Filter>Source Files</Filter>
    </ClCompile>
    <ClCompile Include="..\..\..\src\extern\superlu\SuperLU_5.2.0\SRC\ssnode_bmod.c">
      <Filter>Source Files</Filter>
    </ClCompile>
    <ClCompile Include="..\..\..\src\extern\superlu\SuperLU_5.2.0\SRC\ssnode_dfs.c">
      <Filter>Source Files</Filter>
    </ClCompile>
    <ClCompile Include="..\..\..\src\extern\superlu\SuperLU_5.2.0\SRC\ssp_blas2.c">
      <Filter>Source Files</Filter>
    </ClCompile>
    <ClCompile Include="..\..\..\src\extern\superlu\SuperLU_5.2.0\SRC\ssp_blas3.c">
      <Filter>Source Files</Filter>
    </ClCompile>
    <ClCompile Include="..\..\..\src\extern\superlu\SuperLU_5.2.0\SRC\superlu_timer.c">
      <Filter>Source Files</Filter>
    </ClCompile>
    <ClCompile Include="..\..\..\src\extern\superlu\SuperLU_5.2.0\SRC\sutil.c">
      <Filter>Source Files</Filter>
    </ClCompile>
    <ClCompile Include="..\..\..\src\extern\superlu\SuperLU_5.2.0\SRC\util.c">
      <Filter>Source Files</Filter>
    </ClCompile>
    <ClCompile Include="..\..\..\src\extern\superlu\SuperLU_5.2.0\SRC\zcolumn_bmod.c">
      <Filter>Source Files</Filter>
    </ClCompile>
    <ClCompile Include="..\..\..\src\extern\superlu\SuperLU_5.2.0\SRC\zcolumn_dfs.c">
      <Filter>Source Files</Filter>
    </ClCompile>
    <ClCompile Include="..\..\..\src\extern\superlu\SuperLU_5.2.0\SRC\zcopy_to_ucol.c">
      <Filter>Source Files</Filter>
    </ClCompile>
    <ClCompile Include="..\..\..\src\extern\superlu\SuperLU_5.2.0\SRC\zdiagonal.c">
      <Filter>Source Files</Filter>
    </ClCompile>
    <ClCompile Include="..\..\..\src\extern\superlu\SuperLU_5.2.0\SRC\zgscon.c">
      <Filter>Source Files</Filter>
    </ClCompile>
    <ClCompile Include="..\..\..\src\extern\superlu\SuperLU_5.2.0\SRC\zgsequ.c">
      <Filter>Source Files</Filter>
    </ClCompile>
    <ClCompile Include="..\..\..\src\extern\superlu\SuperLU_5.2.0\SRC\zgsisx.c">
      <Filter>Source Files</Filter>
    </ClCompile>
    <ClCompile Include="..\..\..\src\extern\superlu\SuperLU_5.2.0\SRC\zgsitrf.c">
      <Filter>Source Files</Filter>
    </ClCompile>
    <ClCompile Include="..\..\..\src\extern\superlu\SuperLU_5.2.0\SRC\zgsrfs.c">
      <Filter>Source Files</Filter>
    </ClCompile>
    <ClCompile Include="..\..\..\src\extern\superlu\SuperLU_5.2.0\SRC\zgssv.c">
      <Filter>Source Files</Filter>
    </ClCompile>
    <ClCompile Include="..\..\..\src\extern\superlu\SuperLU_5.2.0\SRC\zgssvx.c">
      <Filter>Source Files</Filter>
    </ClCompile>
    <ClCompile Include="..\..\..\src\extern\superlu\SuperLU_5.2.0\SRC\zgstrf.c">
      <Filter>Source Files</Filter>
    </ClCompile>
    <ClCompile Include="..\..\..\src\extern\superlu\SuperLU_5.2.0\SRC\zgstrs.c">
      <Filter>Source Files</Filter>
    </ClCompile>
    <ClCompile Include="..\..\..\src\extern\superlu\SuperLU_5.2.0\SRC\zlacon.c">
      <Filter>Source Files</Filter>
    </ClCompile>
    <ClCompile Include="..\..\..\src\extern\superlu\SuperLU_5.2.0\SRC\zlacon2.c">
      <Filter>Source Files</Filter>
    </ClCompile>
    <ClCompile Include="..\..\..\src\extern\superlu\SuperLU_5.2.0\SRC\zlangs.c">
      <Filter>Source Files</Filter>
    </ClCompile>
    <ClCompile Include="..\..\..\src\extern\superlu\SuperLU_5.2.0\SRC\zlaqgs.c">
      <Filter>Source Files</Filter>
    </ClCompile>
    <ClCompile Include="..\..\..\src\extern\superlu\SuperLU_5.2.0\SRC\zldperm.c">
      <Filter>Source Files</Filter>
    </ClCompile>
    <ClCompile Include="..\..\..\src\extern\superlu\SuperLU_5.2.0\SRC\zmemory.c">
      <Filter>Source Files</Filter>
    </ClCompile>
    <ClCompile Include="..\..\..\src\extern\superlu\SuperLU_5.2.0\SRC\zmyblas2.c">
      <Filter>Source Files</Filter>
    </ClCompile>
    <ClCompile Include="..\..\..\src\extern\superlu\SuperLU_5.2.0\SRC\zpanel_bmod.c">
      <Filter>Source Files</Filter>
    </ClCompile>
    <ClCompile Include="..\..\..\src\extern\superlu\SuperLU_5.2.0\SRC\zpanel_dfs.c">
      <Filter>Source Files</Filter>
    </ClCompile>
    <ClCompile Include="..\..\..\src\extern\superlu\SuperLU_5.2.0\SRC\zpivotgrowth.c">
      <Filter>Source Files</Filter>
    </ClCompile>
    <ClCompile Include="..\..\..\src\extern\superlu\SuperLU_5.2.0\SRC\zpivotL.c">
      <Filter>Source Files</Filter>
    </ClCompile>
    <ClCompile Include="..\..\..\src\extern\superlu\SuperLU_5.2.0\SRC\zpruneL.c">
      <Filter>Source Files</Filter>
    </ClCompile>
    <ClCompile Include="..\..\..\src\extern\superlu\SuperLU_5.2.0\SRC\zreadhb.c">
      <Filter>Source Files</Filter>
    </ClCompile>
    <ClCompile Include="..\..\..\src\extern\superlu\SuperLU_5.2.0\SRC\zreadrb.c">
      <Filter>Source Files</Filter>
    </ClCompile>
    <ClCompile Include="..\..\..\src\extern\superlu\SuperLU_5.2.0\SRC\zreadtriple.c">
      <Filter>Source Files</Filter>
    </ClCompile>
    <ClCompile Include="..\..\..\src\extern\superlu\SuperLU_5.2.0\SRC\zsnode_bmod.c">
      <Filter>Source Files</Filter>
    </ClCompile>
    <ClCompile Include="..\..\..\src\extern\superlu\SuperLU_5.2.0\SRC\zsnode_dfs.c">
      <Filter>Source Files</Filter>
    </ClCompile>
    <ClCompile Include="..\..\..\src\extern\superlu\SuperLU_5.2.0\SRC\zsp_blas2.c">
      <Filter>Source Files</Filter>
    </ClCompile>
    <ClCompile Include="..\..\..\src\extern\superlu\SuperLU_5.2.0\SRC\zsp_blas3.c">
      <Filter>Source Files</Filter>
    </ClCompile>
    <ClCompile Include="..\..\..\src\extern\superlu\SuperLU_5.2.0\SRC\zutil.c">
      <Filter>Source Files</Filter>
    </ClCompile>
    <ClCompile Include="..\..\..\src\extern\superlu\SuperLU_5.2.0\SRC\matcl_error.cpp">
      <Filter>Source Files\matcl</Filter>
    </ClCompile>
  </ItemGroup>
  <ItemGroup>
    <Text Include="..\..\..\src\extern\superlu\SuperLU_5.2.0\SRC\CMakeLists.txt">
      <Filter>Source Files</Filter>
    </Text>
  </ItemGroup>
  <ItemGroup>
    <ClInclude Include="..\..\..\src\extern\superlu\SuperLU_5.2.0\SRC\colamd.h">
      <Filter>Source Files</Filter>
    </ClInclude>
    <ClInclude Include="..\..\..\src\extern\superlu\SuperLU_5.2.0\SRC\html_mainpage.h">
      <Filter>Source Files</Filter>
    </ClInclude>
    <ClInclude Include="..\..\..\src\extern\superlu\SuperLU_5.2.0\SRC\slu_cdefs.h">
      <Filter>Source Files</Filter>
    </ClInclude>
    <ClInclude Include="..\..\..\src\extern\superlu\SuperLU_5.2.0\SRC\slu_Cnames.h">
      <Filter>Source Files</Filter>
    </ClInclude>
    <ClInclude Include="..\..\..\src\extern\superlu\SuperLU_5.2.0\SRC\slu_dcomplex.h">
      <Filter>Source Files</Filter>
    </ClInclude>
    <ClInclude Include="..\..\..\src\extern\superlu\SuperLU_5.2.0\SRC\slu_ddefs.h">
      <Filter>Source Files</Filter>
    </ClInclude>
    <ClInclude Include="..\..\..\src\extern\superlu\SuperLU_5.2.0\SRC\slu_error.h">
      <Filter>Source Files</Filter>
    </ClInclude>
    <ClInclude Include="..\..\..\src\extern\superlu\SuperLU_5.2.0\SRC\slu_scomplex.h">
      <Filter>Source Files</Filter>
    </ClInclude>
    <ClInclude Include="..\..\..\src\extern\superlu\SuperLU_5.2.0\SRC\slu_sdefs.h">
      <Filter>Source Files</Filter>
    </ClInclude>
    <ClInclude Include="..\..\..\src\extern\superlu\SuperLU_5.2.0\SRC\slu_util.h">
      <Filter>Source Files</Filter>
    </ClInclude>
    <ClInclude Include="..\..\..\src\extern\superlu\SuperLU_5.2.0\SRC\slu_zdefs.h">
      <Filter>Source Files</Filter>
    </ClInclude>
    <ClInclude Include="..\..\..\src\extern\superlu\SuperLU_5.2.0\SRC\superlu_config.h">
      <Filter>Source Files</Filter>
    </ClInclude>
    <ClInclude Include="..\..\..\src\extern\superlu\SuperLU_5.2.0\SRC\superlu_enum_consts.h">
      <Filter>Source Files</Filter>
    </ClInclude>
    <ClInclude Include="..\..\..\src\extern\superlu\SuperLU_5.2.0\SRC\supermatrix.h">
      <Filter>Source Files</Filter>
    </ClInclude>
  </ItemGroup>
  <ItemGroup>
    <None Include="..\..\..\src\extern\superlu\SuperLU_5.2.0\SRC\Makefile">
      <Filter>Source Files</Filter>
    </None>
  </ItemGroup>
</Project>