<?xml version="1.0" encoding="utf-8"?>
<Project ToolsVersion="4.0" xmlns="http://schemas.microsoft.com/developer/msbuild/2003">
  <ItemGroup>
    <Filter Include="Source Files">
      <UniqueIdentifier>{0064c808-7e8c-41a2-8a4a-87dcde2a2467}</UniqueIdentifier>
    </Filter>
    <Filter Include="Source Files\include">
      <UniqueIdentifier>{e6c9462e-8137-4e83-a5fb-dba3e61498b5}</UniqueIdentifier>
    </Filter>
    <Filter Include="Source Files\include\arch">
      <UniqueIdentifier>{de2c349f-7060-4a5d-9559-b9ac09d98f4f}</UniqueIdentifier>
    </Filter>
    <Filter Include="Source Files\include\arch\sse">
      <UniqueIdentifier>{47db2251-b112-4257-b736-cc23444f9927}</UniqueIdentifier>
    </Filter>
    <Filter Include="Source Files\include\arch\avx">
      <UniqueIdentifier>{41e0861a-e88f-4bb9-8552-382b2960da0b}</UniqueIdentifier>
    </Filter>
    <Filter Include="Source Files\include\arch\nosimd">
      <UniqueIdentifier>{e2613004-ef3e-44b9-a946-366481e87c1e}</UniqueIdentifier>
    </Filter>
    <Filter Include="Source Files\include\complex">
      <UniqueIdentifier>{8f98df79-543c-4aa2-98f6-0f794d6b146a}</UniqueIdentifier>
    </Filter>
    <Filter Include="Source Files\include\details">
      <UniqueIdentifier>{e5b29bb1-c02d-4b38-9ecc-1757d31be641}</UniqueIdentifier>
    </Filter>
    <Filter Include="Source Files\include\poly">
      <UniqueIdentifier>{468ea40b-3fa4-4024-a8d3-0a95ba7c8c07}</UniqueIdentifier>
    </Filter>
    <Filter Include="Source Files\include\details\arch">
      <UniqueIdentifier>{f3205651-e6f1-4919-9ca8-c745c650e5fe}</UniqueIdentifier>
    </Filter>
    <Filter Include="Source Files\include\details\arch\avx">
      <UniqueIdentifier>{c5ea52d5-3b80-496c-91c6-2ec70666145b}</UniqueIdentifier>
    </Filter>
    <Filter Include="Source Files\include\details\arch\avx\func">
      <UniqueIdentifier>{4b695928-84d7-4ac1-96ff-cebe23aebf88}</UniqueIdentifier>
    </Filter>
    <Filter Include="Source Files\include\details\arch\avx\func_complex">
      <UniqueIdentifier>{b702e424-3c85-43e4-a0fc-2f28bf933a11}</UniqueIdentifier>
    </Filter>
    <Filter Include="Source Files\include\details\arch\nosimd">
      <UniqueIdentifier>{1b819ab9-c009-4315-a59d-29cf1ffa7533}</UniqueIdentifier>
    </Filter>
    <Filter Include="Source Files\include\details\arch\nosimd\func">
      <UniqueIdentifier>{7763a9a5-8848-4d81-9358-be0693beb3de}</UniqueIdentifier>
    </Filter>
    <Filter Include="Source Files\include\details\arch\nosimd\func_complex">
      <UniqueIdentifier>{d6c551a6-5908-4084-8808-f09f883ad11c}</UniqueIdentifier>
    </Filter>
    <Filter Include="Source Files\include\details\arch\sse">
      <UniqueIdentifier>{c60ded4a-6b1a-43b1-82e7-1a361ea0476f}</UniqueIdentifier>
    </Filter>
    <Filter Include="Source Files\include\details\arch\sse\func">
      <UniqueIdentifier>{983da473-4815-4a67-ab43-b97fdb3292fd}</UniqueIdentifier>
    </Filter>
    <Filter Include="Source Files\include\details\arch\sse\func_complex">
      <UniqueIdentifier>{2c12e2b9-07e4-4d57-af89-4d8bb8a20e37}</UniqueIdentifier>
    </Filter>
    <Filter Include="Source Files\include\details\complex">
      <UniqueIdentifier>{82f3786d-c69b-4ebc-b609-376d2c25b5f6}</UniqueIdentifier>
    </Filter>
    <Filter Include="Source Files\include\details\func">
      <UniqueIdentifier>{ae7a6a35-90be-42d7-80a7-f0755a6b1e87}</UniqueIdentifier>
    </Filter>
    <Filter Include="Source Files\include\details\poly">
      <UniqueIdentifier>{92aaf66a-e646-4989-9e44-aac0906c5c7f}</UniqueIdentifier>
    </Filter>
    <Filter Include="Source Files\include\details\math">
      <UniqueIdentifier>{deda422d-7220-402e-8e2b-32b47877f579}</UniqueIdentifier>
    </Filter>
    <Filter Include="Source Files\include\details\math\impl">
      <UniqueIdentifier>{cd4498d8-c188-4529-8b60-0a7e1e1f65d5}</UniqueIdentifier>
    </Filter>
    <Filter Include="Source Files\src">
      <UniqueIdentifier>{d396338d-5105-4665-abbf-58d92144f87b}</UniqueIdentifier>
    </Filter>
    <Filter Include="Source Files\src\math">
      <UniqueIdentifier>{d30da5ff-8e2a-404d-a2a8-6dcf60289e1f}</UniqueIdentifier>
    </Filter>
    <Filter Include="Source Files\include\details\arch\nosimd\math">
      <UniqueIdentifier>{0cc833d1-7e51-4b74-b5f4-318824ff7f24}</UniqueIdentifier>
    </Filter>
    <Filter Include="Source Files\include\details\arch\sse\math">
      <UniqueIdentifier>{f0f816ef-5d29-4996-b9ef-266a29011af9}</UniqueIdentifier>
    </Filter>
    <Filter Include="Source Files\include\details\arch\avx\math">
      <UniqueIdentifier>{4bad689a-2473-4664-bf70-dc12784335b5}</UniqueIdentifier>
    </Filter>
  </ItemGroup>
  <ItemGroup>
    <ClInclude Include="..\..\src\include\matcl-simd\poly\poly_eval.h">
      <Filter>Source Files\include\poly</Filter>
    </ClInclude>
    <ClInclude Include="..\..\src\include\matcl-simd\arch\avx\simd_double_256.h">
      <Filter>Source Files\include\arch\avx</Filter>
    </ClInclude>
    <ClInclude Include="..\..\src\include\matcl-simd\arch\avx\simd_float_256.h">
      <Filter>Source Files\include\arch\avx</Filter>
    </ClInclude>
    <ClInclude Include="..\..\src\include\matcl-simd\arch\avx\simd_int32_256.h">
      <Filter>Source Files\include\arch\avx</Filter>
    </ClInclude>
    <ClInclude Include="..\..\src\include\matcl-simd\arch\avx\simd_int64_256.h">
      <Filter>Source Files\include\arch\avx</Filter>
    </ClInclude>
    <ClInclude Include="..\..\src\include\matcl-simd\arch\sse\simd_double_128.h">
      <Filter>Source Files\include\arch\sse</Filter>
    </ClInclude>
    <ClInclude Include="..\..\src\include\matcl-simd\arch\sse\simd_double_256.h">
      <Filter>Source Files\include\arch\sse</Filter>
    </ClInclude>
    <ClInclude Include="..\..\src\include\matcl-simd\arch\sse\simd_float_128.h">
      <Filter>Source Files\include\arch\sse</Filter>
    </ClInclude>
    <ClInclude Include="..\..\src\include\matcl-simd\arch\sse\simd_float_256.h">
      <Filter>Source Files\include\arch\sse</Filter>
    </ClInclude>
    <ClInclude Include="..\..\src\include\matcl-simd\arch\sse\simd_int32_128.h">
      <Filter>Source Files\include\arch\sse</Filter>
    </ClInclude>
    <ClInclude Include="..\..\src\include\matcl-simd\arch\sse\simd_int32_256.h">
      <Filter>Source Files\include\arch\sse</Filter>
    </ClInclude>
    <ClInclude Include="..\..\src\include\matcl-simd\arch\sse\simd_int64_128.h">
      <Filter>Source Files\include\arch\sse</Filter>
    </ClInclude>
    <ClInclude Include="..\..\src\include\matcl-simd\arch\sse\simd_int64_256.h">
      <Filter>Source Files\include\arch\sse</Filter>
    </ClInclude>
    <ClInclude Include="..\..\src\include\matcl-simd\complex\simd_128_compl.h">
      <Filter>Source Files\include\complex</Filter>
    </ClInclude>
    <ClInclude Include="..\..\src\include\matcl-simd\complex\simd_256_compl.h">
      <Filter>Source Files\include\complex</Filter>
    </ClInclude>
    <ClInclude Include="..\..\src\include\matcl-simd\complex\simd_complex.h">
      <Filter>Source Files\include\complex</Filter>
    </ClInclude>
    <ClInclude Include="..\..\src\include\matcl-simd\config.h">
      <Filter>Source Files\include</Filter>
    </ClInclude>
    <ClInclude Include="..\..\src\include\matcl-simd\default_simd.h">
      <Filter>Source Files\include</Filter>
    </ClInclude>
    <ClInclude Include="..\..\src\include\matcl-simd\simd.h">
      <Filter>Source Files\include</Filter>
    </ClInclude>
    <ClInclude Include="..\..\src\include\matcl-simd\simd_complex.h">
      <Filter>Source Files\include</Filter>
    </ClInclude>
    <ClInclude Include="..\..\src\include\matcl-simd\simd_fwd.h">
      <Filter>Source Files\include</Filter>
    </ClInclude>
    <ClInclude Include="..\..\src\include\matcl-simd\simd_general.h">
      <Filter>Source Files\include</Filter>
    </ClInclude>
    <ClInclude Include="..\..\src\include\matcl-simd\details\helpers.h">
      <Filter>Source Files\include\details</Filter>
    </ClInclude>
    <ClInclude Include="..\..\src\include\matcl-simd\details\scalar_func.h">
      <Filter>Source Files\include\details</Filter>
    </ClInclude>
    <ClInclude Include="..\..\src\include\matcl-simd\details\arch\default_simd.h">
      <Filter>Source Files\include\details\arch</Filter>
    </ClInclude>
    <ClInclude Include="..\..\src\include\matcl-simd\details\arch\default_simd_complex.h">
      <Filter>Source Files\include\details\arch</Filter>
    </ClInclude>
    <ClInclude Include="..\..\src\include\matcl-simd\details\arch\simd_func_complex_impl.h">
      <Filter>Source Files\include\details\arch</Filter>
    </ClInclude>
    <ClInclude Include="..\..\src\include\matcl-simd\details\arch\simd_func_impl.h">
      <Filter>Source Files\include\details\arch</Filter>
    </ClInclude>
    <ClInclude Include="..\..\src\include\matcl-simd\details\arch\simd_impl.h">
      <Filter>Source Files\include\details\arch</Filter>
    </ClInclude>
    <ClInclude Include="..\..\src\include\matcl-simd\details\arch\nosimd\default_simd_complex_impl.h">
      <Filter>Source Files\include\details\arch\nosimd</Filter>
    </ClInclude>
    <ClInclude Include="..\..\src\include\matcl-simd\details\arch\nosimd\default_simd_impl.h">
      <Filter>Source Files\include\details\arch\nosimd</Filter>
    </ClInclude>
    <ClInclude Include="..\..\src\include\matcl-simd\details\arch\nosimd\func\simd_func.h">
      <Filter>Source Files\include\details\arch\nosimd\func</Filter>
    </ClInclude>
    <ClInclude Include="..\..\src\include\matcl-simd\details\arch\nosimd\func_complex\simd_compl_func.h">
      <Filter>Source Files\include\details\arch\nosimd\func_complex</Filter>
    </ClInclude>
    <ClInclude Include="..\..\src\include\matcl-simd\details\arch\sse\default_simd_complex_impl.h">
      <Filter>Source Files\include\details\arch\sse</Filter>
    </ClInclude>
    <ClInclude Include="..\..\src\include\matcl-simd\details\arch\sse\default_simd_impl.h">
      <Filter>Source Files\include\details\arch\sse</Filter>
    </ClInclude>
    <ClInclude Include="..\..\src\include\matcl-simd\details\arch\sse\func\missing_intrinsics.h">
      <Filter>Source Files\include\details\arch\sse\func</Filter>
    </ClInclude>
    <ClInclude Include="..\..\src\include\matcl-simd\details\arch\sse\func\simd_256_func.h">
      <Filter>Source Files\include\details\arch\sse\func</Filter>
    </ClInclude>
    <ClInclude Include="..\..\src\include\matcl-simd\details\arch\sse\func\simd_double_128_func.h">
      <Filter>Source Files\include\details\arch\sse\func</Filter>
    </ClInclude>
    <ClInclude Include="..\..\src\include\matcl-simd\details\arch\sse\func\simd_float_128_func.h">
      <Filter>Source Files\include\details\arch\sse\func</Filter>
    </ClInclude>
    <ClInclude Include="..\..\src\include\matcl-simd\details\arch\sse\func\simd_int32_128_func.h">
      <Filter>Source Files\include\details\arch\sse\func</Filter>
    </ClInclude>
    <ClInclude Include="..\..\src\include\matcl-simd\details\arch\sse\func\simd_int64_128_func.h">
      <Filter>Source Files\include\details\arch\sse\func</Filter>
    </ClInclude>
    <ClInclude Include="..\..\src\include\matcl-simd\details\arch\sse\func_complex\simd_256_func_compl.h">
      <Filter>Source Files\include\details\arch\sse\func_complex</Filter>
    </ClInclude>
    <ClInclude Include="..\..\src\include\matcl-simd\details\arch\sse\func_complex\simd_double_128_func.h">
      <Filter>Source Files\include\details\arch\sse\func_complex</Filter>
    </ClInclude>
    <ClInclude Include="..\..\src\include\matcl-simd\details\arch\sse\func_complex\simd_float_128_func.h">
      <Filter>Source Files\include\details\arch\sse\func_complex</Filter>
    </ClInclude>
    <ClInclude Include="..\..\src\include\matcl-simd\details\complex\recover_nan.h">
      <Filter>Source Files\include\details\complex</Filter>
    </ClInclude>
    <ClInclude Include="..\..\src\include\matcl-simd\details\complex\simd_complex_impl.h">
      <Filter>Source Files\include\details\complex</Filter>
    </ClInclude>
    <ClInclude Include="..\..\src\include\matcl-simd\details\func\simd_func_complex_def.h">
      <Filter>Source Files\include\details\func</Filter>
    </ClInclude>
    <ClInclude Include="..\..\src\include\matcl-simd\details\func\simd_func_def.h">
      <Filter>Source Files\include\details\func</Filter>
    </ClInclude>
    <ClInclude Include="..\..\src\include\matcl-simd\details\poly\utils.h">
      <Filter>Source Files\include\details\poly</Filter>
    </ClInclude>
    <ClInclude Include="..\..\src\include\matcl-simd\details\arch\avx\default_simd_complex_impl.h">
      <Filter>Source Files\include\details\arch\avx</Filter>
    </ClInclude>
    <ClInclude Include="..\..\src\include\matcl-simd\details\arch\avx\default_simd_impl.h">
      <Filter>Source Files\include\details\arch\avx</Filter>
    </ClInclude>
    <ClInclude Include="..\..\src\include\matcl-simd\details\arch\avx\helpers.h">
      <Filter>Source Files\include\details\arch\avx</Filter>
    </ClInclude>
    <ClInclude Include="..\..\src\include\matcl-simd\details\arch\avx\func\simd_double_256_func.h">
      <Filter>Source Files\include\details\arch\avx\func</Filter>
    </ClInclude>
    <ClInclude Include="..\..\src\include\matcl-simd\details\arch\avx\func\simd_float_256_func.h">
      <Filter>Source Files\include\details\arch\avx\func</Filter>
    </ClInclude>
    <ClInclude Include="..\..\src\include\matcl-simd\details\arch\avx\func\simd_int32_256_func.h">
      <Filter>Source Files\include\details\arch\avx\func</Filter>
    </ClInclude>
    <ClInclude Include="..\..\src\include\matcl-simd\details\arch\avx\func\simd_int64_256_func.h">
      <Filter>Source Files\include\details\arch\avx\func</Filter>
    </ClInclude>
    <ClInclude Include="..\..\src\include\matcl-simd\details\arch\avx\func_complex\simd_double_256_func.h">
      <Filter>Source Files\include\details\arch\avx\func_complex</Filter>
    </ClInclude>
    <ClInclude Include="..\..\src\include\matcl-simd\details\arch\avx\func_complex\simd_float_256_func.h">
      <Filter>Source Files\include\details\arch\avx\func_complex</Filter>
    </ClInclude>
    <ClInclude Include="..\..\src\include\matcl-simd\details\func\general_defs.h">
      <Filter>Source Files\include\details\func</Filter>
    </ClInclude>
    <ClInclude Include="..\..\src\include\matcl-simd\details\complex\default_simd_complex.h">
      <Filter>Source Files\include\details\complex</Filter>
    </ClInclude>
    <ClInclude Include="..\..\src\include\matcl-simd\basic_complex_functions.h">
      <Filter>Source Files\include</Filter>
    </ClInclude>
    <ClInclude Include="..\..\src\include\matcl-simd\basic_functions.h">
      <Filter>Source Files\include</Filter>
    </ClInclude>
    <ClInclude Include="..\..\src\include\matcl-simd\math_functions.h">
      <Filter>Source Files\include</Filter>
    </ClInclude>
    <ClInclude Include="..\..\src\include\matcl-simd\simd_math.h">
      <Filter>Source Files\include</Filter>
    </ClInclude>
    <ClInclude Include="..\..\src\include\matcl-simd\details\math\general_defs.h">
      <Filter>Source Files\include\details\math</Filter>
    </ClInclude>
    <ClInclude Include="..\..\src\include\matcl-simd\details\math\simd_math_func_def.h">
      <Filter>Source Files\include\details\math</Filter>
    </ClInclude>
    <ClInclude Include="..\..\src\include\matcl-simd\details\math\impl\simd_exp.h">
      <Filter>Source Files\include\details\math\impl</Filter>
    </ClInclude>
    <ClInclude Include="..\..\src\include\matcl-simd\details\arch\default_simd_scalar.h">
      <Filter>Source Files\include\details\arch</Filter>
    </ClInclude>
    <ClInclude Include="..\..\src\include\matcl-simd\details\arch\sse\default_simd_scalar_impl.h">
      <Filter>Source Files\include\details\arch\sse</Filter>
    </ClInclude>
    <ClInclude Include="..\..\src\include\matcl-simd\arch\sse\simd_scalar_double_128.h">
      <Filter>Source Files\include\arch\sse</Filter>
    </ClInclude>
    <ClInclude Include="..\..\src\include\matcl-simd\arch\sse\simd_scalar_float_128.h">
      <Filter>Source Files\include\arch\sse</Filter>
    </ClInclude>
    <ClInclude Include="..\..\src\include\matcl-simd\arch\sse\simd_scalar_int32_128.h">
      <Filter>Source Files\include\arch\sse</Filter>
    </ClInclude>
    <ClInclude Include="..\..\src\include\matcl-simd\arch\sse\simd_scalar_int64_128.h">
      <Filter>Source Files\include\arch\sse</Filter>
    </ClInclude>
    <ClInclude Include="..\..\src\include\matcl-simd\details\arch\sse\func\simd_128_scalar_func.h">
      <Filter>Source Files\include\details\arch\sse\func</Filter>
    </ClInclude>
    <ClInclude Include="..\..\src\include\matcl-simd\details\arch\nosimd\default_simd_scalar_impl.h">
      <Filter>Source Files\include\details\arch\nosimd</Filter>
    </ClInclude>
    <ClInclude Include="..\..\src\include\matcl-simd\details\arch\nosimd\func\simd_128_scalar_func.h">
      <Filter>Source Files\include\details\arch\nosimd\func</Filter>
    </ClInclude>
    <ClInclude Include="..\..\src\include\matcl-simd\arch\nosimd\simd_double_128.h">
      <Filter>Source Files\include\arch\nosimd</Filter>
    </ClInclude>
    <ClInclude Include="..\..\src\include\matcl-simd\arch\nosimd\simd_double_256.h">
      <Filter>Source Files\include\arch\nosimd</Filter>
    </ClInclude>
    <ClInclude Include="..\..\src\include\matcl-simd\arch\nosimd\simd_float_128.h">
      <Filter>Source Files\include\arch\nosimd</Filter>
    </ClInclude>
    <ClInclude Include="..\..\src\include\matcl-simd\arch\nosimd\simd_float_256.h">
      <Filter>Source Files\include\arch\nosimd</Filter>
    </ClInclude>
    <ClInclude Include="..\..\src\include\matcl-simd\arch\nosimd\simd_int32_128.h">
      <Filter>Source Files\include\arch\nosimd</Filter>
    </ClInclude>
    <ClInclude Include="..\..\src\include\matcl-simd\arch\nosimd\simd_int32_256.h">
      <Filter>Source Files\include\arch\nosimd</Filter>
    </ClInclude>
    <ClInclude Include="..\..\src\include\matcl-simd\arch\nosimd\simd_int64_128.h">
      <Filter>Source Files\include\arch\nosimd</Filter>
    </ClInclude>
    <ClInclude Include="..\..\src\include\matcl-simd\arch\nosimd\simd_int64_256.h">
      <Filter>Source Files\include\arch\nosimd</Filter>
    </ClInclude>
    <ClInclude Include="..\..\src\include\matcl-simd\arch\nosimd\simd_scalar_double_128.h">
      <Filter>Source Files\include\arch\nosimd</Filter>
    </ClInclude>
    <ClInclude Include="..\..\src\include\matcl-simd\arch\nosimd\simd_scalar_float_128.h">
      <Filter>Source Files\include\arch\nosimd</Filter>
    </ClInclude>
    <ClInclude Include="..\..\src\include\matcl-simd\arch\nosimd\simd_scalar_int32_128.h">
      <Filter>Source Files\include\arch\nosimd</Filter>
    </ClInclude>
    <ClInclude Include="..\..\src\include\matcl-simd\arch\nosimd\simd_scalar_int64_128.h">
      <Filter>Source Files\include\arch\nosimd</Filter>
    </ClInclude>
    <ClInclude Include="..\..\src\include\matcl-simd\details\arch\nosimd\math\math_impl.h">
      <Filter>Source Files\include\details\arch\nosimd\math</Filter>
    </ClInclude>
    <ClInclude Include="..\..\src\include\matcl-simd\details\arch\sse\math\math_impl.h">
      <Filter>Source Files\include\details\arch\sse\math</Filter>
    </ClInclude>
    <ClInclude Include="..\..\src\include\matcl-simd\details\arch\avx\math\math_impl.h">
      <Filter>Source Files\include\details\arch\avx\math</Filter>
    </ClInclude>
    <ClInclude Include="..\..\src\include\matcl-simd\details\math\impl\simd_math_impl.h">
      <Filter>Source Files\include\details\math\impl</Filter>
    </ClInclude>
    <ClInclude Include="..\..\src\include\matcl-simd\details\scalar_mat_func.h">
      <Filter>Source Files\include\details</Filter>
    </ClInclude>
    <ClInclude Include="..\..\src\include\matcl-simd\details\utils.h">
      <Filter>Source Files\include\details</Filter>
    </ClInclude>
    <ClInclude Include="..\..\src\include\matcl-simd\details\math\impl\simd_log.h">
      <Filter>Source Files\include\details\math\impl</Filter>
    </ClInclude>
    <ClInclude Include="..\..\src\include\matcl-simd\poly\poly_eval_twofold.h">
      <Filter>Source Files\include\poly</Filter>
    </ClInclude>
    <ClInclude Include="..\..\src\include\matcl-simd\details\arch\sse\helpers.h">
      <Filter>Source Files\include\details\arch\sse</Filter>
    </ClInclude>
    <ClInclude Include="..\..\src\include\matcl-simd\math_functions_scalar.h">
      <Filter>Source Files\include</Filter>
    </ClInclude>
  </ItemGroup>
  <ItemGroup>
    <None Include="..\..\src\include\matcl-simd\details\arch\simd_impl.inl">
      <Filter>Source Files\include\details\arch</Filter>
    </None>
    <None Include="..\..\src\include\matcl-simd\details\arch\nosimd\simd_double_128.inl">
      <Filter>Source Files\include\details\arch\nosimd</Filter>
    </None>
    <None Include="..\..\src\include\matcl-simd\details\arch\nosimd\simd_double_256.inl">
      <Filter>Source Files\include\details\arch\nosimd</Filter>
    </None>
    <None Include="..\..\src\include\matcl-simd\details\arch\nosimd\simd_float_128.inl">
      <Filter>Source Files\include\details\arch\nosimd</Filter>
    </None>
    <None Include="..\..\src\include\matcl-simd\details\arch\nosimd\simd_float_256.inl">
      <Filter>Source Files\include\details\arch\nosimd</Filter>
    </None>
    <None Include="..\..\src\include\matcl-simd\details\arch\nosimd\simd_int32_128.inl">
      <Filter>Source Files\include\details\arch\nosimd</Filter>
    </None>
    <None Include="..\..\src\include\matcl-simd\details\arch\nosimd\simd_int32_256.inl">
      <Filter>Source Files\include\details\arch\nosimd</Filter>
    </None>
    <None Include="..\..\src\include\matcl-simd\details\arch\nosimd\simd_int64_128.inl">
      <Filter>Source Files\include\details\arch\nosimd</Filter>
    </None>
    <None Include="..\..\src\include\matcl-simd\details\arch\nosimd\simd_int64_256.inl">
      <Filter>Source Files\include\details\arch\nosimd</Filter>
    </None>
    <None Include="..\..\src\include\matcl-simd\details\arch\sse\simd_double_128.inl">
      <Filter>Source Files\include\details\arch\sse</Filter>
    </None>
    <None Include="..\..\src\include\matcl-simd\details\arch\sse\simd_double_256.inl">
      <Filter>Source Files\include\details\arch\sse</Filter>
    </None>
    <None Include="..\..\src\include\matcl-simd\details\arch\sse\simd_float_128.inl">
      <Filter>Source Files\include\details\arch\sse</Filter>
    </None>
    <None Include="..\..\src\include\matcl-simd\details\arch\sse\simd_float_256.inl">
      <Filter>Source Files\include\details\arch\sse</Filter>
    </None>
    <None Include="..\..\src\include\matcl-simd\details\arch\sse\simd_int32_128.inl">
      <Filter>Source Files\include\details\arch\sse</Filter>
    </None>
    <None Include="..\..\src\include\matcl-simd\details\arch\sse\simd_int32_256.inl">
      <Filter>Source Files\include\details\arch\sse</Filter>
    </None>
    <None Include="..\..\src\include\matcl-simd\details\arch\sse\simd_int64_128.inl">
      <Filter>Source Files\include\details\arch\sse</Filter>
    </None>
    <None Include="..\..\src\include\matcl-simd\details\arch\sse\simd_int64_256.inl">
      <Filter>Source Files\include\details\arch\sse</Filter>
    </None>
    <None Include="..\..\src\include\matcl-simd\details\complex\simd_128_compl.inl">
      <Filter>Source Files\include\details\complex</Filter>
    </None>
    <None Include="..\..\src\include\matcl-simd\details\complex\simd_256_compl.inl">
      <Filter>Source Files\include\details\complex</Filter>
    </None>
    <None Include="..\..\src\include\matcl-simd\details\func\simd_func.inl">
      <Filter>Source Files\include\details\func</Filter>
    </None>
    <None Include="..\..\src\include\matcl-simd\details\func\simd_func_complex.inl">
      <Filter>Source Files\include\details\func</Filter>
    </None>
    <None Include="..\..\src\include\matcl-simd\details\poly\poly_eval.inl">
      <Filter>Source Files\include\details\poly</Filter>
    </None>
    <None Include="..\..\src\include\matcl-simd\details\poly\poly_eval_estrin.inl">
      <Filter>Source Files\include\details\poly</Filter>
    </None>
    <None Include="..\..\src\include\matcl-simd\details\poly\poly_eval_horner.inl">
      <Filter>Source Files\include\details\poly</Filter>
    </None>
    <None Include="..\..\src\include\matcl-simd\details\arch\avx\simd_double_256.inl">
      <Filter>Source Files\include\details\arch\avx</Filter>
    </None>
    <None Include="..\..\src\include\matcl-simd\details\arch\avx\simd_float_256.inl">
      <Filter>Source Files\include\details\arch\avx</Filter>
    </None>
    <None Include="..\..\src\include\matcl-simd\details\arch\avx\simd_int32_256.inl">
      <Filter>Source Files\include\details\arch\avx</Filter>
    </None>
    <None Include="..\..\src\include\matcl-simd\details\arch\avx\simd_int64_256.inl">
      <Filter>Source Files\include\details\arch\avx</Filter>
    </None>
    <None Include="..\..\src\include\matcl-simd\details\math\math_functions.inl">
      <Filter>Source Files\include\details\math</Filter>
    </None>
    <None Include="..\..\src\include\matcl-simd\details\math\math_func_impl.inl">
      <Filter>Source Files\include\details\math</Filter>
    </None>
    <None Include="..\..\src\include\matcl-simd\details\math\math_func_scalar_impl.inl">
      <Filter>Source Files\include\details\math</Filter>
    </None>
    <None Include="..\..\src\include\matcl-simd\details\arch\sse\simd_scalar_double_128.inl">
      <Filter>Source Files\include\details\arch\sse</Filter>
    </None>
    <None Include="..\..\src\include\matcl-simd\details\arch\sse\simd_scalar_float_128.inl">
      <Filter>Source Files\include\details\arch\sse</Filter>
    </None>
    <None Include="..\..\src\include\matcl-simd\details\arch\sse\simd_scalar_int32_128.inl">
      <Filter>Source Files\include\details\arch\sse</Filter>
    </None>
    <None Include="..\..\src\include\matcl-simd\details\arch\sse\simd_scalar_int64_128.inl">
      <Filter>Source Files\include\details\arch\sse</Filter>
    </None>
    <None Include="..\..\src\include\matcl-simd\details\arch\nosimd\simd_scalar_double_128.inl">
      <Filter>Source Files\include\details\arch\nosimd</Filter>
    </None>
    <None Include="..\..\src\include\matcl-simd\details\arch\nosimd\simd_scalar_float_128.inl">
      <Filter>Source Files\include\details\arch\nosimd</Filter>
    </None>
    <None Include="..\..\src\include\matcl-simd\details\arch\nosimd\simd_scalar_int32_128.inl">
      <Filter>Source Files\include\details\arch\nosimd</Filter>
    </None>
    <None Include="..\..\src\include\matcl-simd\details\arch\nosimd\simd_scalar_int64_128.inl">
      <Filter>Source Files\include\details\arch\nosimd</Filter>
    </None>
    <None Include="..\..\src\include\matcl-simd\details\poly\poly_eval_twofold.inl">
      <Filter>Source Files\include\details\poly</Filter>
    </None>
  </ItemGroup>
  <ItemGroup>
    <ClCompile Include="..\..\src\matcl-simd\math\simd_exp.cpp">
      <Filter>Source Files\src\math</Filter>
    </ClCompile>
  </ItemGroup>
</Project>